
Microsoft Visual Studio Solution File, Format Version 12.00
# Visual Studio Version 18
VisualStudioVersion = 18.5.11723.231
MinimumVisualStudioVersion = 10.0.40219.1
Project("{2150E333-8FDC-42A3-9474-1A3956D46DE8}") = "TemenosMicroService", "TemenosMicroService", "{02EA681E-C7D8-13C7-8484-4AC65E1B71E8}"
EndProject
Project("{FAE04EC0-301F-11D3-BF4B-00C04F79EFBC}") = "Temenos.API", "Temenos.API\Temenos.API.csproj", "{A980EA07-D247-4D03-BAB0-9ECA7D8BEDB5}"
EndProject
Project("{2150E333-8FDC-42A3-9474-1A3956D46DE8}") = "Gateway", "Gateway", "{4AB2DE2C-D6AB-474F-BBB8-DB77AF603350}"
EndProject
Project("{2150E333-8FDC-42A3-9474-1A3956D46DE8}") = "NotificationMicroService", "NotificationMicroService", "{D3CBC923-64CE-4F8E-8955-0C5A91ABB555}"
EndProject
Project("{2150E333-8FDC-42A3-9474-1A3956D46DE8}") = "InstapayMicroService", "InstapayMicroService", "{8025DF91-0AF8-494A-AFCE-8CC2D8F8F85A}"
EndProject
Project("{2150E333-8FDC-42A3-9474-1A3956D46DE8}") = "PesonetMicroService", "PesonetMicroService", "{EACB7568-8971-468C-BD05-F69CE4F6331C}"
EndProject
Project("{2150E333-8FDC-42A3-9474-1A3956D46DE8}") = "CardsMicroService", "CardsMicroService", "{54FFF3E3-8363-4B7C-80B1-AE803B3AB4C3}"
EndProject
Project("{FAE04EC0-301F-11D3-BF4B-00C04F79EFBC}") = "Pesonet.API", "Pesonet.API\Pesonet.API.csproj", "{37F0DE1B-F6E1-4A8B-9793-7966FEB81903}"
EndProject
Project("{2150E333-8FDC-42A3-9474-1A3956D46DE8}") = "SharedServices", "SharedServices", "{8F1E0032-5933-4969-BB80-1BA54F7FA091}"
EndProject
Project("{FAE04EC0-301F-11D3-BF4B-00C04F79EFBC}") = "Common", "Common\Common.csproj", "{9E2F8C63-30A9-460B-9872-609156E714FC}"
EndProject
Project("{FAE04EC0-301F-11D3-BF4B-00C04F79EFBC}") = "Instapay.Api", "Instapay.Api\Instapay.Api.csproj", "{29AA6A46-84FF-4148-9CC2-C4669B1C1842}"
EndProject
Project("{FAE04EC0-301F-11D3-BF4B-00C04F79EFBC}") = "Notification.API", "Notification.API\Notification.API.csproj", "{C2C81D3A-F023-4965-A358-2F07852B599B}"
EndProject
Project("{FAE04EC0-301F-11D3-BF4B-00C04F79EFBC}") = "ServiceMesh.API", "ServiceMesh.API\ServiceMesh.API.csproj", "{24652727-188F-4765-9D30-955C61FE4B89}"
EndProject
Project("{2150E333-8FDC-42A3-9474-1A3956D46DE8}") = "AgentService", "AgentService", "{B685FC92-D2CB-43EF-96EE-931E445F1A4C}"
EndProject
Project("{FAE04EC0-301F-11D3-BF4B-00C04F79EFBC}") = "HRAgent.Api", "HRAgent.Api\HRAgent.Api.csproj", "{ED861795-A27C-45EC-9C60-F2E4D4D22DD6}"
EndProject
Project("{FAE04EC0-301F-11D3-BF4B-00C04F79EFBC}") = "Chatbot", "Chatbot\Chatbot.csproj", "{569B4E6F-7A56-4774-9744-B2A927A8FEDF}"
EndProject
Project("{2150E333-8FDC-42A3-9474-1A3956D46DE8}") = "BayadCenterService", "BayadCenterService", "{2AD8A5CD-B2F5-4488-9AA4-4078AF95E3C1}"
EndProject
Project("{FAE04EC0-301F-11D3-BF4B-00C04F79EFBC}") = "BayadCenter.Api", "BayadCenter.Api\BayadCenter.Api.csproj", "{221DB71D-1CAF-4AB1-AD42-744CB7778AB7}"
EndProject
Global
	GlobalSection(SolutionConfigurationPlatforms) = preSolution
		Debug|Any CPU = Debug|Any CPU
		Release|Any CPU = Release|Any CPU
	EndGlobalSection
	GlobalSection(ProjectConfigurationPlatforms) = postSolution
		{A980EA07-D247-4D03-BAB0-9ECA7D8BEDB5}.Debug|Any CPU.ActiveCfg = Debug|Any CPU
		{A980EA07-D247-4D03-BAB0-9ECA7D8BEDB5}.Debug|Any CPU.Build.0 = Debug|Any CPU
		{A980EA07-D247-4D03-BAB0-9ECA7D8BEDB5}.Release|Any CPU.ActiveCfg = Release|Any CPU
		{A980EA07-D247-4D03-BAB0-9ECA7D8BEDB5}.Release|Any CPU.Build.0 = Release|Any CPU
		{37F0DE1B-F6E1-4A8B-9793-7966FEB81903}.Debug|Any CPU.ActiveCfg = Debug|Any CPU
		{37F0DE1B-F6E1-4A8B-9793-7966FEB81903}.Debug|Any CPU.Build.0 = Debug|Any CPU
		{37F0DE1B-F6E1-4A8B-9793-7966FEB81903}.Release|Any CPU.ActiveCfg = Release|Any CPU
		{37F0DE1B-F6E1-4A8B-9793-7966FEB81903}.Release|Any CPU.Build.0 = Release|Any CPU
		{9E2F8C63-30A9-460B-9872-609156E714FC}.Debug|Any CPU.ActiveCfg = Debug|Any CPU
		{9E2F8C63-30A9-460B-9872-609156E714FC}.Debug|Any CPU.Build.0 = Debug|Any CPU
		{9E2F8C63-30A9-460B-9872-609156E714FC}.Release|Any CPU.ActiveCfg = Release|Any CPU
		{9E2F8C63-30A9-460B-9872-609156E714FC}.Release|Any CPU.Build.0 = Release|Any CPU
		{29AA6A46-84FF-4148-9CC2-C4669B1C1842}.Debug|Any CPU.ActiveCfg = Debug|Any CPU
		{29AA6A46-84FF-4148-9CC2-C4669B1C1842}.Debug|Any CPU.Build.0 = Debug|Any CPU
		{29AA6A46-84FF-4148-9CC2-C4669B1C1842}.Release|Any CPU.ActiveCfg = Release|Any CPU
		{29AA6A46-84FF-4148-9CC2-C4669B1C1842}.Release|Any CPU.Build.0 = Release|Any CPU
		{C2C81D3A-F023-4965-A358-2F07852B599B}.Debug|Any CPU.ActiveCfg = Debug|Any CPU
		{C2C81D3A-F023-4965-A358-2F07852B599B}.Debug|Any CPU.Build.0 = Debug|Any CPU
		{C2C81D3A-F023-4965-A358-2F07852B599B}.Release|Any CPU.ActiveCfg = Release|Any CPU
		{C2C81D3A-F023-4965-A358-2F07852B599B}.Release|Any CPU.Build.0 = Release|Any CPU
		{24652727-188F-4765-9D30-955C61FE4B89}.Debug|Any CPU.ActiveCfg = Debug|Any CPU
		{24652727-188F-4765-9D30-955C61FE4B89}.Debug|Any CPU.Build.0 = Debug|Any CPU
		{24652727-188F-4765-9D30-955C61FE4B89}.Release|Any CPU.ActiveCfg = Release|Any CPU
		{24652727-188F-4765-9D30-955C61FE4B89}.Release|Any CPU.Build.0 = Release|Any CPU
		{ED861795-A27C-45EC-9C60-F2E4D4D22DD6}.Debug|Any CPU.ActiveCfg = Debug|Any CPU
		{ED861795-A27C-45EC-9C60-F2E4D4D22DD6}.Debug|Any CPU.Build.0 = Debug|Any CPU
		{ED861795-A27C-45EC-9C60-F2E4D4D22DD6}.Release|Any CPU.ActiveCfg = Release|Any CPU
		{ED861795-A27C-45EC-9C60-F2E4D4D22DD6}.Release|Any CPU.Build.0 = Release|Any CPU
		{569B4E6F-7A56-4774-9744-B2A927A8FEDF}.Debug|Any CPU.ActiveCfg = Debug|Any CPU
		{569B4E6F-7A56-4774-9744-B2A927A8FEDF}.Debug|Any CPU.Build.0 = Debug|Any CPU
		{569B4E6F-7A56-4774-9744-B2A927A8FEDF}.Release|Any CPU.ActiveCfg = Release|Any CPU
		{569B4E6F-7A56-4774-9744-B2A927A8FEDF}.Release|Any CPU.Build.0 = Release|Any CPU
		{221DB71D-1CAF-4AB1-AD42-744CB7778AB7}.Debug|Any CPU.ActiveCfg = Debug|Any CPU
		{221DB71D-1CAF-4AB1-AD42-744CB7778AB7}.Debug|Any CPU.Build.0 = Debug|Any CPU
		{221DB71D-1CAF-4AB1-AD42-744CB7778AB7}.Release|Any CPU.ActiveCfg = Release|Any CPU
		{221DB71D-1CAF-4AB1-AD42-744CB7778AB7}.Release|Any CPU.Build.0 = Release|Any CPU
	EndGlobalSection
	GlobalSection(SolutionProperties) = preSolution
		HideSolutionNode = FALSE
	EndGlobalSection
	GlobalSection(NestedProjects) = preSolution
		{A980EA07-D247-4D03-BAB0-9ECA7D8BEDB5} = {02EA681E-C7D8-13C7-8484-4AC65E1B71E8}
		{37F0DE1B-F6E1-4A8B-9793-7966FEB81903} = {EACB7568-8971-468C-BD05-F69CE4F6331C}
		{9E2F8C63-30A9-460B-9872-609156E714FC} = {8F1E0032-5933-4969-BB80-1BA54F7FA091}
		{29AA6A46-84FF-4148-9CC2-C4669B1C1842} = {8025DF91-0AF8-494A-AFCE-8CC2D8F8F85A}
		{C2C81D3A-F023-4965-A358-2F07852B599B} = {D3CBC923-64CE-4F8E-8955-0C5A91ABB555}
		{24652727-188F-4765-9D30-955C61FE4B89} = {8F1E0032-5933-4969-BB80-1BA54F7FA091}
		{ED861795-A27C-45EC-9C60-F2E4D4D22DD6} = {B685FC92-D2CB-43EF-96EE-931E445F1A4C}
		{569B4E6F-7A56-4774-9744-B2A927A8FEDF} = {B685FC92-D2CB-43EF-96EE-931E445F1A4C}
		{221DB71D-1CAF-4AB1-AD42-744CB7778AB7} = {2AD8A5CD-B2F5-4488-9AA4-4078AF95E3C1}
	EndGlobalSection
	GlobalSection(ExtensibilityGlobals) = postSolution
		SolutionGuid = {38EF8E1E-32BA-4494-BF7E-7A614F4DE9E0}
	EndGlobalSection
EndGlobal
