
Microsoft Visual Studio Solution File, Format Version 12.00
# Visual Studio Version 18
VisualStudioVersion = 18.5.11723.231
MinimumVisualStudioVersion = 10.0.40219.1
Project("{2150E333-8FDC-42A3-9474-1A3956D46DE8}") = "TemenosMicroService", "TemenosMicroService", "{02EA681E-C7D8-13C7-8484-4AC65E1B71E8}"
EndProject
Project("{FAE04EC0-301F-11D3-BF4B-00C04F79EFBC}") = "Temenos.API", "Temenos.API\Temenos.API.csproj", "{A980EA07-D247-4D03-BAB0-9ECA7D8BEDB5}"
EndProject
Project("{2150E333-8FDC-42A3-9474-1A3956D46DE8}") = "Gateway", "Gateway", "{4AB2DE2C-D6AB-474F-BBB8-DB77AF603350}"
EndProject
Project("{2150E333-8FDC-42A3-9474-1A3956D46DE8}") = "NotificationMicroService", "NotificationMicroService", "{D3CBC923-64CE-4F8E-8955-0C5A91ABB555}"
EndProject
Project("{2150E333-8FDC-42A3-9474-1A3956D46DE8}") = "InstapayMicroService", "InstapayMicroService", "{8025DF91-0AF8-494A-AFCE-8CC2D8F8F85A}"
EndProject
Project("{2150E333-8FDC-42A3-9474-1A3956D46DE8}") = "PesonetMicroService", "PesonetMicroService", "{EACB7568-8971-468C-BD05-F69CE4F6331C}"
EndProject
Project("{2150E333-8FDC-42A3-9474-1A3956D46DE8}") = "IdentityMicroService", "IdentityMicroService", "{86891588-310A-4429-BDB6-5329C21EF0B8}"
EndProject
Project("{2150E333-8FDC-42A3-9474-1A3956D46DE8}") = "CardsMicroService", "CardsMicroService", "{54FFF3E3-8363-4B7C-80B1-AE803B3AB4C3}"
EndProject
Project("{FAE04EC0-301F-11D3-BF4B-00C04F79EFBC}") = "Gateway.Web", "Gateway\Web\Gateway.Web.csproj", "{3B162744-75CA-4D79-B5F2-F2094AD63234}"
EndProject
Project("{FAE04EC0-301F-11D3-BF4B-00C04F79EFBC}") = "Gateway.Data", "Gateway\Data\Gateway.Data.csproj", "{4FB32476-C45E-4B61-A3F5-7AA1648EE911}"
EndProject
Project("{FAE04EC0-301F-11D3-BF4B-00C04F79EFBC}") = "Gateway.BLL", "Gateway\BLL\Gateway.BLL.csproj", "{648F81EF-5F34-400C-AC11-8C05AC5322B1}"
EndProject
Project("{FAE04EC0-301F-11D3-BF4B-00C04F79EFBC}") = "Gateway.Proxy", "Gateway\Proxy\Gateway.Proxy\Gateway.Proxy.csproj", "{81BE3C32-8DB7-48F4-9EF3-DB91B3C63D58}"
EndProject
Global
	GlobalSection(SolutionConfigurationPlatforms) = preSolution
		Debug|Any CPU = Debug|Any CPU
		Release|Any CPU = Release|Any CPU
	EndGlobalSection
	GlobalSection(ProjectConfigurationPlatforms) = postSolution
		{A980EA07-D247-4D03-BAB0-9ECA7D8BEDB5}.Debug|Any CPU.ActiveCfg = Debug|Any CPU
		{A980EA07-D247-4D03-BAB0-9ECA7D8BEDB5}.Debug|Any CPU.Build.0 = Debug|Any CPU
		{A980EA07-D247-4D03-BAB0-9ECA7D8BEDB5}.Release|Any CPU.ActiveCfg = Release|Any CPU
		{A980EA07-D247-4D03-BAB0-9ECA7D8BEDB5}.Release|Any CPU.Build.0 = Release|Any CPU
		{3B162744-75CA-4D79-B5F2-F2094AD63234}.Debug|Any CPU.ActiveCfg = Debug|Any CPU
		{3B162744-75CA-4D79-B5F2-F2094AD63234}.Debug|Any CPU.Build.0 = Debug|Any CPU
		{3B162744-75CA-4D79-B5F2-F2094AD63234}.Release|Any CPU.ActiveCfg = Release|Any CPU
		{3B162744-75CA-4D79-B5F2-F2094AD63234}.Release|Any CPU.Build.0 = Release|Any CPU
		{4FB32476-C45E-4B61-A3F5-7AA1648EE911}.Debug|Any CPU.ActiveCfg = Debug|Any CPU
		{4FB32476-C45E-4B61-A3F5-7AA1648EE911}.Debug|Any CPU.Build.0 = Debug|Any CPU
		{4FB32476-C45E-4B61-A3F5-7AA1648EE911}.Release|Any CPU.ActiveCfg = Release|Any CPU
		{4FB32476-C45E-4B61-A3F5-7AA1648EE911}.Release|Any CPU.Build.0 = Release|Any CPU
		{648F81EF-5F34-400C-AC11-8C05AC5322B1}.Debug|Any CPU.ActiveCfg = Debug|Any CPU
		{648F81EF-5F34-400C-AC11-8C05AC5322B1}.Debug|Any CPU.Build.0 = Debug|Any CPU
		{648F81EF-5F34-400C-AC11-8C05AC5322B1}.Release|Any CPU.ActiveCfg = Release|Any CPU
		{648F81EF-5F34-400C-AC11-8C05AC5322B1}.Release|Any CPU.Build.0 = Release|Any CPU
		{81BE3C32-8DB7-48F4-9EF3-DB91B3C63D58}.Debug|Any CPU.ActiveCfg = Debug|Any CPU
		{81BE3C32-8DB7-48F4-9EF3-DB91B3C63D58}.Debug|Any CPU.Build.0 = Debug|Any CPU
		{81BE3C32-8DB7-48F4-9EF3-DB91B3C63D58}.Release|Any CPU.ActiveCfg = Release|Any CPU
		{81BE3C32-8DB7-48F4-9EF3-DB91B3C63D58}.Release|Any CPU.Build.0 = Release|Any CPU
	EndGlobalSection
	GlobalSection(SolutionProperties) = preSolution
		HideSolutionNode = FALSE
	EndGlobalSection
	GlobalSection(NestedProjects) = preSolution
		{A980EA07-D247-4D03-BAB0-9ECA7D8BEDB5} = {02EA681E-C7D8-13C7-8484-4AC65E1B71E8}
		{3B162744-75CA-4D79-B5F2-F2094AD63234} = {4AB2DE2C-D6AB-474F-BBB8-DB77AF603350}
		{4FB32476-C45E-4B61-A3F5-7AA1648EE911} = {4AB2DE2C-D6AB-474F-BBB8-DB77AF603350}
		{648F81EF-5F34-400C-AC11-8C05AC5322B1} = {4AB2DE2C-D6AB-474F-BBB8-DB77AF603350}
		{81BE3C32-8DB7-48F4-9EF3-DB91B3C63D58} = {4AB2DE2C-D6AB-474F-BBB8-DB77AF603350}
	EndGlobalSection
	GlobalSection(ExtensibilityGlobals) = postSolution
		SolutionGuid = {38EF8E1E-32BA-4494-BF7E-7A614F4DE9E0}
	EndGlobalSection
EndGlobal
